
Microsoft Visual Studio Solution File, Format Version 12.00
# Visual Studio Version 16
VisualStudioVersion = 16.0.31025.194
MinimumVisualStudioVersion = 10.0.40219.1
Project("{FAE04EC0-301F-11D3-BF4B-00C04F79EFBC}") = "EpicFailTools", "EpicFailTools\EpicFailTools.csproj", "{B87701A2-73EE-43FF-B948-3449B797DCAB}"
EndProject
Global
	GlobalSection(SolutionConfigurationPlatforms) = preSolution
		Debug|Any CPU = Debug|Any CPU
		Release|Any CPU = Release|Any CPU
	EndGlobalSection
	GlobalSection(ProjectConfigurationPlatforms) = postSolution
		{B87701A2-73EE-43FF-B948-3449B797DCAB}.Debug|Any CPU.ActiveCfg = Debug|Any CPU
		{B87701A2-73EE-43FF-B948-3449B797DCAB}.Debug|Any CPU.Build.0 = Debug|Any CPU
		{B87701A2-73EE-43FF-B948-3449B797DCAB}.Release|Any CPU.ActiveCfg = Release|Any CPU
		{B87701A2-73EE-43FF-B948-3449B797DCAB}.Release|Any CPU.Build.0 = Release|Any CPU
	EndGlobalSection
	GlobalSection(SolutionProperties) = preSolution
		HideSolutionNode = FALSE
	EndGlobalSection
	GlobalSection(ExtensibilityGlobals) = postSolution
		SolutionGuid = {35C1B28E-5F9A-45A2-8C16-492AACEDC404}
	EndGlobalSection
EndGlobal
